Microsoft Visual Studio Solution File, Format Version 12.00
# Visual Studio Version 17
VisualStudioVersion = 17.5.2.0
MinimumVisualStudioVersion = 10.0.40219.1
Project("{FAE04EC0-301F-11D3-BF4B-00C04F79EFBC}") = "api.Tests", "api.Tests.csproj", "{B8C89ECD-93E0-8D35-81A0-A12BF2E5FE78}"
EndProject
Global
	GlobalSection(SolutionConfigurationPlatforms) = preSolution
		Debug|Any CPU = Debug|Any CPU
		Release|Any CPU = Release|Any CPU
	EndGlobalSection
	GlobalSection(ProjectConfigurationPlatforms) = postSolution
		{B8C89ECD-93E0-8D35-81A0-A12BF2E5FE78}.Debug|Any CPU.ActiveCfg = Debug|Any CPU
		{B8C89ECD-93E0-8D35-81A0-A12BF2E5FE78}.Debug|Any CPU.Build.0 = Debug|Any CPU
		{B8C89ECD-93E0-8D35-81A0-A12BF2E5FE78}.Release|Any CPU.ActiveCfg = Release|Any CPU
		{B8C89ECD-93E0-8D35-81A0-A12BF2E5FE78}.Release|Any CPU.Build.0 = Release|Any CPU
	EndGlobalSection
	GlobalSection(SolutionProperties) = preSolution
		HideSolutionNode = FALSE
	EndGlobalSection
	GlobalSection(ExtensibilityGlobals) = postSolution
		SolutionGuid = {B38DE587-029E-4F3F-9005-BEB8BFD0099B}
	EndGlobalSection
EndGlobal
