
Microsoft Visual Studio Solution File, Format Version 12.00
# Visual Studio Version 17
VisualStudioVersion = 17.0.31903.59
MinimumVisualStudioVersion = 10.0.40219.1
Project("{9A19103F-16F7-4668-BE54-9A1E7A4F7556}") = "api", "api.csproj", "{C51213F5-8D30-4783-8509-0B088CC14396}"
EndProject
Project("{FAE04EC0-301F-11D3-BF4B-00C04F79EFBC}") = "api.Tests", "..\api.Tests\api.Tests.csproj", "{002D159C-1E68-44C3-86F9-90EAD57AC43D}"
EndProject
Project("{2150E333-8FDC-42A3-9474-1A3956D46DE8}") = "SolutionFiles", "SolutionFiles", "{41FC7085-C92E-44CA-9D7D-1B1696A21901}"
	ProjectSection(SolutionItems) = preProject
		..\CHANGELOG.md = ..\CHANGELOG.md
	EndProjectSection
EndProject
Global
	GlobalSection(SolutionConfigurationPlatforms) = preSolution
		Debug|Any CPU = Debug|Any CPU
		Release|Any CPU = Release|Any CPU
	EndGlobalSection
	GlobalSection(ProjectConfigurationPlatforms) = postSolution
		{C51213F5-8D30-4783-8509-0B088CC14396}.Debug|Any CPU.ActiveCfg = Debug|Any CPU
		{C51213F5-8D30-4783-8509-0B088CC14396}.Debug|Any CPU.Build.0 = Debug|Any CPU
		{C51213F5-8D30-4783-8509-0B088CC14396}.Release|Any CPU.ActiveCfg = Release|Any CPU
		{C51213F5-8D30-4783-8509-0B088CC14396}.Release|Any CPU.Build.0 = Release|Any CPU
		{002D159C-1E68-44C3-86F9-90EAD57AC43D}.Debug|Any CPU.ActiveCfg = Debug|Any CPU
		{002D159C-1E68-44C3-86F9-90EAD57AC43D}.Release|Any CPU.ActiveCfg = Release|Any CPU
	EndGlobalSection
	GlobalSection(SolutionProperties) = preSolution
		HideSolutionNode = FALSE
	EndGlobalSection
	GlobalSection(ExtensibilityGlobals) = postSolution
		SolutionGuid = {345FA5B9-547D-4E9A-9143-2CB9F9437E8D}
	EndGlobalSection
EndGlobal
